// !$*UTF8*$!
{
	archiveVersion = 1;
	classes = {
	};
	objectVersion = 56;
	objects = {

/* Begin PBXBuildFile section */
		F610EF992A83939F00508A01 /* GameViewModel.swift in Sources */ = {isa = PBXBuildFile; fileRef = F610EF982A83939F00508A01 /* GameViewModel.swift */; };
		F610EF9C2A84DB0800508A01 /* slotImage.swift in Sources */ = {isa = PBXBuildFile; fileRef = F610EF9B2A84DB0800508A01 /* slotImage.swift */; };
		F6B24B472A838BAC00F06F5D /* SlotGameApp.swift in Sources */ = {isa = PBXBuildFile; fileRef = F6B24B462A838BAC00F06F5D /* SlotGameApp.swift */; };
		F6B24B492A838BAC00F06F5D /* ContentView.swift in Sources */ = {isa = PBXBuildFile; fileRef = F6B24B482A838BAC00F06F5D /* ContentView.swift */; };
		F6B24B4B2A838BAC00F06F5D /* Assets.xcassets in Resources */ = {isa = PBXBuildFile; fileRef = F6B24B4A2A838BAC00F06F5D /* Assets.xcassets */; };
		F6B24B4E2A838BAC00F06F5D /* Preview Assets.xcassets in Resources */ = {isa = PBXBuildFile; fileRef = F6B24B4D2A838BAC00F06F5D /* Preview Assets.xcassets */; };
		F6B24B552A838C0A00F06F5D /* Fruit.swift in Sources */ = {isa = PBXBuildFile; fileRef = F6B24B542A838C0A00F06F5D /* Fruit.swift */; };
/* End PBXBuildFile section */

/* Begin PBXFileReference section */
		F610EF982A83939F00508A01 /* GameViewModel.swift */ = {isa = PBXFileReference; lastKnownFileType = sourcecode.swift; path = GameViewModel.swift; sourceTree = "<group>"; };
		F610EF9B2A84DB0800508A01 /* slotImage.swift */ = {isa = PBXFileReference; lastKnownFileType = sourcecode.swift; path = slotImage.swift; sourceTree = "<group>"; };
		F6B24B432A838BAC00F06F5D /* SlotGame.app */ = {isa = PBXFileReference; explicitFileType = wrapper.application; includeInIndex = 0; path = SlotGame.app; sourceTree = BUILT_PRODUCTS_DIR; };
		F6B24B462A838BAC00F06F5D /* SlotGameApp.swift */ = {isa = PBXFileReference; lastKnownFileType = sourcecode.swift; path = SlotGameApp.swift; sourceTree = "<group>"; };
		F6B24B482A838BAC00F06F5D /* ContentView.swift */ = {isa = PBXFileReference; lastKnownFileType = sourcecode.swift; path = ContentView.swift; sourceTree = "<group>"; };
		F6B24B4A2A838BAC00F06F5D /* Assets.xcassets */ = {isa = PBXFileReference; lastKnownFileType = folder.assetcatalog; path = Assets.xcassets; sourceTree = "<group>"; };
		F6B24B4D2A838BAC00F06F5D /* Preview Assets.xcassets */ = {isa = PBXFileReference; lastKnownFileType = folder.assetcatalog; path = "Preview Assets.xcassets"; sourceTree = "<group>"; };
		F6B24B542A838C0A00F06F5D /* Fruit.swift */ = {isa = PBXFileReference; lastKnownFileType = sourcecode.swift; path = Fruit.swift; sourceTree = "<group>"; };
/* End PBXFileReference section */

/* Begin PBXFrameworksBuildPhase section */
		F6B24B402A838BAC00F06F5D /* Frameworks */ = {
			isa = PBXFrameworksBuildPhase;
			buildActionMask = 2147483647;
			files = (
			);
			runOnlyForDeploymentPostprocessing = 0;
		};
/* End PBXFrameworksBuildPhase section */

/* Begin PBXGroup section */
		F610EF9A2A84DAF300508A01 /* Components */ = {
			isa = PBXGroup;
			children = (
				F610EF9B2A84DB0800508A01 /* slotImage.swift */,
			);
			path = Components;
			sourceTree = "<group>";
		};
		F6B24B3A2A838BAC00F06F5D = {
			isa = PBXGroup;
			children = (
				F6B24B462A838BAC00F06F5D /* SlotGameApp.swift */,
				F6B24B452A838BAC00F06F5D /* SlotGame */,
				F6B24B442A838BAC00F06F5D /* Products */,
			);
			sourceTree = "<group>";
		};
		F6B24B442A838BAC00F06F5D /* Products */ = {
			isa = PBXGroup;
			children = (
				F6B24B432A838BAC00F06F5D /* SlotGame.app */,
			);
			name = Products;
			sourceTree = "<group>";
		};
		F6B24B452A838BAC00F06F5D /* SlotGame */ = {
			isa = PBXGroup;
			children = (
				F610EF9A2A84DAF300508A01 /* Components */,
				F6B24B582A838D0400F06F5D /* Model */,
				F6B24B572A838CF300F06F5D /* ViewModel */,
				F6B24B562A838CF000F06F5D /* View */,
				F6B24B4A2A838BAC00F06F5D /* Assets.xcassets */,
				F6B24B4C2A838BAC00F06F5D /* Preview Content */,
			);
			path = SlotGame;
			sourceTree = "<group>";
		};
		F6B24B4C2A838BAC00F06F5D /* Preview Content */ = {
			isa = PBXGroup;
			children = (
				F6B24B4D2A838BAC00F06F5D /* Preview Assets.xcassets */,
			);
			path = "Preview Content";
			sourceTree = "<group>";
		};
		F6B24B562A838CF000F06F5D /* View */ = {
			isa = PBXGroup;
			children = (
				F6B24B482A838BAC00F06F5D /* ContentView.swift */,
			);
			path = View;
			sourceTree = "<group>";
		};
		F6B24B572A838CF300F06F5D /* ViewModel */ = {
			isa = PBXGroup;
			children = (
				F610EF982A83939F00508A01 /* GameViewModel.swift */,
			);
			path = ViewModel;
			sourceTree = "<group>";
		};
		F6B24B582A838D0400F06F5D /* Model */ = {
			isa = PBXGroup;
			children = (
				F6B24B542A838C0A00F06F5D /* Fruit.swift */,
			);
			path = Model;
			sourceTree = "<group>";
		};
/* End PBXGroup section */

/* Begin PBXNativeTarget section */
		F6B24B422A838BAC00F06F5D /* SlotGame */ = {
			isa = PBXNativeTarget;
			buildConfigurationList = F6B24B512A838BAC00F06F5D /* Build configuration list for PBXNativeTarget "SlotGame" */;
			buildPhases = (
				F6B24B3F2A838BAC00F06F5D /* Sources */,
				F6B24B402A838BAC00F06F5D /* Frameworks */,
				F6B24B412A838BAC00F06F5D /* Resources */,
			);
			buildRules = (
			);
			dependencies = (
			);
			name = SlotGame;
			productName = SlotGame;
			productReference = F6B24B432A838BAC00F06F5D /* SlotGame.app */;
			productType = "com.apple.product-type.application";
		};
/* End PBXNativeTarget section */

/* Begin PBXProject section */
		F6B24B3B2A838BAC00F06F5D /* Project object */ = {
			isa = PBXProject;
			attributes = {
				BuildIndependentTargetsInParallel = 1;
				LastSwiftUpdateCheck = 1430;
				LastUpgradeCheck = 1430;
				TargetAttributes = {
					F6B24B422A838BAC00F06F5D = {
						CreatedOnToolsVersion = 14.3.1;
					};
				};
			};
			buildConfigurationList = F6B24B3E2A838BAC00F06F5D /* Build configuration list for PBXProject "SlotGame" */;
			compatibilityVersion = "Xcode 14.0";
			developmentRegion = en;
			hasScannedForEncodings = 0;
			knownRegions = (
				en,
				Base,
			);
			mainGroup = F6B24B3A2A838BAC00F06F5D;
			productRefGroup = F6B24B442A838BAC00F06F5D /* Products */;
			projectDirPath = "";
			projectRoot = "";
			targets = (
				F6B24B422A838BAC00F06F5D /* SlotGame */,
			);
		};
/* End PBXProject section */

/* Begin PBXResourcesBuildPhase section */
		F6B24B412A838BAC00F06F5D /* Resources */ = {
			isa = PBXResourcesBuildPhase;
			buildActionMask = 2147483647;
			files = (
				F6B24B4E2A838BAC00F06F5D /* Preview Assets.xcassets in Resources */,
				F6B24B4B2A838BAC00F06F5D /* Assets.xcassets in Resources */,
			);
			runOnlyForDeploymentPostprocessing = 0;
		};
/* End PBXResourcesBuildPhase section */

/* Begin PBXSourcesBuildPhase section */
		F6B24B3F2A838BAC00F06F5D /* Sources */ = {
			isa = PBXSourcesBuildPhase;
			buildActionMask = 2147483647;
			files = (
				F610EF992A83939F00508A01 /* GameViewModel.swift in Sources */,
				F6B24B552A838C0A00F06F5D /* Fruit.swift in Sources */,
				F6B24B492A838BAC00F06F5D /* ContentView.swift in Sources */,
				F610EF9C2A84DB0800508A01 /* slotImage.swift in Sources */,
				F6B24B472A838BAC00F06F5D /* SlotGameApp.swift in Sources */,
			);
			runOnlyForDeploymentPostprocessing = 0;
		};
/* End PBXSourcesBuildPhase section */

/* Begin XCBuildConfiguration section */
		F6B24B4F2A838BAC00F06F5D /* Debug */ = {
			isa = XCBuildConfiguration;
			buildSettings = {
				ALWAYS_SEARCH_USER_PATHS = NO;
				CLANG_ANALYZER_NONNULL = YES;
				CLANG_ANALYZER_NUMBER_OBJECT_CONVERSION = YES_AGGRESSIVE;
				CLANG_CXX_LANGUAGE_STANDARD = "gnu++20";
				CLANG_ENABLE_MODULES = YES;
				CLANG_ENABLE_OBJC_ARC = YES;
				CLANG_ENABLE_OBJC_WEAK = YES;
				CLANG_WARN_BLOCK_CAPTURE_AUTORELEASING = YES;
				CLANG_WARN_BOOL_CONVERSION = YES;
				CLANG_WARN_COMMA = YES;
				CLANG_WARN_CONSTANT_CONVERSION = YES;
				CLANG_WARN_DEPRECATED_OBJC_IMPLEMENTATIONS = YES;
				CLANG_WARN_DIRECT_OBJC_ISA_USAGE = YES_ERROR;
				CLANG_WARN_DOCUMENTATION_COMMENTS = YES;
				CLANG_WARN_EMPTY_BODY = YES;
				CLANG_WARN_ENUM_CONVERSION = YES;
				CLANG_WARN_INFINITE_RECURSION = YES;
				CLANG_WARN_INT_CONVERSION = YES;
				CLANG_WARN_NON_LITERAL_NULL_CONVERSION = YES;
				CLANG_WARN_OBJC_IMPLICIT_RETAIN_SELF = YES;
				CLANG_WARN_OBJC_LITERAL_CONVERSION = YES;
				CLANG_WARN_OBJC_ROOT_CLASS = YES_ERROR;
				CLANG_WARN_QUOTED_INCLUDE_IN_FRAMEWORK_HEADER = YES;
				CLANG_WARN_RANGE_LOOP_ANALYSIS = YES;
				CLANG_WARN_STRICT_PROTOTYPES = YES;
				CLANG_WARN_SUSPICIOUS_MOVE = YES;
				CLANG_WARN_UNGUARDED_AVAILABILITY = YES_AGGRESSIVE;
				CLANG_WARN_UNREACHABLE_CODE = YES;
				CLANG_WARN__DUPLICATE_METHOD_MATCH = YES;
				COPY_PHASE_STRIP = NO;
				DEBUG_INFORMATION_FORMAT = dwarf;
				ENABLE_STRICT_OBJC_MSGSEND = YES;
				ENABLE_TESTABILITY = YES;
				GCC_C_LANGUAGE_STANDARD = gnu11;
				GCC_DYNAMIC_NO_PIC = NO;
				GCC_NO_COMMON_BLOCKS = YES;
				GCC_OPTIMIZATION_LEVEL = 0;
				GCC_PREPROCESSOR_DEFINITIONS = (
					"DEBUG=1",
					"$(inherited)",
				);
				GCC_WARN_64_TO_32_BIT_CONVERSION = YES;
				GCC_WARN_ABOUT_RETURN_TYPE = YES_ERROR;
				GCC_WARN_UNDECLARED_SELECTOR = YES;
				GCC_WARN_UNINITIALIZED_AUTOS = YES_AGGRESSIVE;
				GCC_WARN_UNUSED_FUNCTION = YES;
				GCC_WARN_UNUSED_VARIABLE = YES;
				IPHONEOS_DEPLOYMENT_TARGET = 16.4;
				MTL_ENABLE_DEBUG_INFO = INCLUDE_SOURCE;
				MTL_FAST_MATH = YES;
				ONLY_ACTIVE_ARCH = YES;
				SDKROOT = iphoneos;
				SWIFT_ACTIVE_COMPILATION_CONDITIONS = DEBUG;
				SWIFT_OPTIMIZATION_LEVEL = "-Onone";
			};
			name = Debug;
		};
		F6B24B502A838BAC00F06F5D /* Release */ = {
			isa = XCBuildConfiguration;
			buildSettings = {
				ALWAYS_SEARCH_USER_PATHS = NO;
				CLANG_ANALYZER_NONNULL = YES;
				CLANG_ANALYZER_NUMBER_OBJECT_CONVERSION = YES_AGGRESSIVE;
				CLANG_CXX_LANGUAGE_STANDARD = "gnu++20";
				CLANG_ENABLE_MODULES = YES;
				CLANG_ENABLE_OBJC_ARC = YES;
				CLANG_ENABLE_OBJC_WEAK = YES;
				CLANG_WARN_BLOCK_CAPTURE_AUTORELEASING = YES;
				CLANG_WARN_BOOL_CONVERSION = YES;
				CLANG_WARN_COMMA = YES;
				CLANG_WARN_CONSTANT_CONVERSION = YES;
				CLANG_WARN_DEPRECATED_OBJC_IMPLEMENTATIONS = YES;
				CLANG_WARN_DIRECT_OBJC_ISA_USAGE = YES_ERROR;
				CLANG_WARN_DOCUMENTATION_COMMENTS = YES;
				CLANG_WARN_EMPTY_BODY = YES;
				CLANG_WARN_ENUM_CONVERSION = YES;
				CLANG_WARN_INFINITE_RECURSION = YES;
				CLANG_WARN_INT_CONVERSION = YES;
				CLANG_WARN_NON_LITERAL_NULL_CONVERSION = YES;
				CLANG_WARN_OBJC_IMPLICIT_RETAIN_SELF = YES;
				CLANG_WARN_OBJC_LITERAL_CONVERSION = YES;
				CLANG_WARN_OBJC_ROOT_CLASS = YES_ERROR;
				CLANG_WARN_QUOTED_INCLUDE_IN_FRAMEWORK_HEADER = YES;
				CLANG_WARN_RANGE_LOOP_ANALYSIS = YES;
				CLANG_WARN_STRICT_PROTOTYPES = YES;
				CLANG_WARN_SUSPICIOUS_MOVE = YES;
				CLANG_WARN_UNGUARDED_AVAILABILITY = YES_AGGRESSIVE;
				CLANG_WARN_UNREACHABLE_CODE = YES;
				CLANG_WARN__DUPLICATE_METHOD_MATCH = YES;
				COPY_PHASE_STRIP = NO;
				DEBUG_INFORMATION_FORMAT = "dwarf-with-dsym";
				ENABLE_NS_ASSERTIONS = NO;
				ENABLE_STRICT_OBJC_MSGSEND = YES;
				GCC_C_LANGUAGE_STANDARD = gnu11;
				GCC_NO_COMMON_BLOCKS = YES;
				GCC_WARN_64_TO_32_BIT_CONVERSION = YES;
				GCC_WARN_ABOUT_RETURN_TYPE = YES_ERROR;
				GCC_WARN_UNDECLARED_SELECTOR = YES;
				GCC_WARN_UNINITIALIZED_AUTOS = YES_AGGRESSIVE;
				GCC_WARN_UNUSED_FUNCTION = YES;
				GCC_WARN_UNUSED_VARIABLE = YES;
				IPHONEOS_DEPLOYMENT_TARGET = 16.4;
				MTL_ENABLE_DEBUG_INFO = NO;
				MTL_FAST_MATH = YES;
				SDKROOT = iphoneos;
				SWIFT_COMPILATION_MODE = wholemodule;
				SWIFT_OPTIMIZATION_LEVEL = "-O";
				VALIDATE_PRODUCT = YES;
			};
			name = Release;
		};
		F6B24B522A838BAC00F06F5D /* Debug */ = {
			isa = XCBuildConfiguration;
			buildSettings = {
				ASSETCATALOG_COMPILER_APPICON_NAME = AppIcon;
				ASSETCATALOG_COMPILER_GLOBAL_ACCENT_COLOR_NAME = AccentColor;
				CODE_SIGN_STYLE = Automatic;
				CURRENT_PROJECT_VERSION = 1;
				DEVELOPMENT_ASSET_PATHS = "\"SlotGame/Preview Content\"";
				DEVELOPMENT_TEAM = 97C52BTA9U;
				ENABLE_PREVIEWS = YES;
				GENERATE_INFOPLIST_FILE = YES;
				INFOPLIST_KEY_UIApplicationSceneManifest_Generation = YES;
				INFOPLIST_KEY_UIApplicationSupportsIndirectInputEvents = YES;
				INFOPLIST_KEY_UILaunchScreen_Generation = YES;
				INFOPLIST_KEY_UISupportedInterfaceOrientations_iPad = "UIInterfaceOrientationPortrait UIInterfaceOrientationPortraitUpsideDown UIInterfaceOrientationLandscapeLeft UIInterfaceOrientationLandscapeRight";
				INFOPLIST_KEY_UISupportedInterfaceOrientations_iPhone = "UIInterfaceOrientationPortrait UIInterfaceOrientationLandscapeLeft UIInterfaceOrientationLandscapeRight";
				LD_RUNPATH_SEARCH_PATHS = (
					"$(inherited)",
					"@executable_path/Frameworks",
				);
				MARKETING_VERSION = 1.0;
				PRODUCT_BUNDLE_IDENTIFIER = co.droelth.SlotGame;
				PRODUCT_NAME = "$(TARGET_NAME)";
				SWIFT_EMIT_LOC_STRINGS = YES;
				SWIFT_VERSION = 5.0;
				TARGETED_DEVICE_FAMILY = "1,2";
			};
			name = Debug;
		};
		F6B24B532A838BAC00F06F5D /* Release */ = {
			isa = XCBuildConfiguration;
			buildSettings = {
				ASSETCATALOG_COMPILER_APPICON_NAME = AppIcon;
				ASSETCATALOG_COMPILER_GLOBAL_ACCENT_COLOR_NAME = AccentColor;
				CODE_SIGN_STYLE = Automatic;
				CURRENT_PROJECT_VERSION = 1;
				DEVELOPMENT_ASSET_PATHS = "\"SlotGame/Preview Content\"";
				DEVELOPMENT_TEAM = 97C52BTA9U;
				ENABLE_PREVIEWS = YES;
				GENERATE_INFOPLIST_FILE = YES;
				INFOPLIST_KEY_UIApplicationSceneManifest_Generation = YES;
				INFOPLIST_KEY_UIApplicationSupportsIndirectInputEvents = YES;
				INFOPLIST_KEY_UILaunchScreen_Generation = YES;
				INFOPLIST_KEY_UISupportedInterfaceOrientations_iPad = "UIInterfaceOrientationPortrait UIInterfaceOrientationPortraitUpsideDown UIInterfaceOrientationLandscapeLeft UIInterfaceOrientationLandscapeRight";
				INFOPLIST_KEY_UISupportedInterfaceOrientations_iPhone = "UIInterfaceOrientationPortrait UIInterfaceOrientationLandscapeLeft UIInterfaceOrientationLandscapeRight";
				LD_RUNPATH_SEARCH_PATHS = (
					"$(inherited)",
					"@executable_path/Frameworks",
				);
				MARKETING_VERSION = 1.0;
				PRODUCT_BUNDLE_IDENTIFIER = co.droelth.SlotGame;
				PRODUCT_NAME = "$(TARGET_NAME)";
				SWIFT_EMIT_LOC_STRINGS = YES;
				SWIFT_VERSION = 5.0;
				TARGETED_DEVICE_FAMILY = "1,2";
			};
			name = Release;
		};
/* End XCBuildConfiguration section */

/* Begin XCConfigurationList section */
		F6B24B3E2A838BAC00F06F5D /* Build configuration list for PBXProject "SlotGame" */ = {
			isa = XCConfigurationList;
			buildConfigurations = (
				F6B24B4F2A838BAC00F06F5D /* Debug */,
				F6B24B502A838BAC00F06F5D /* Release */,
			);
			defaultConfigurationIsVisible = 0;
			defaultConfigurationName = Release;
		};
		F6B24B512A838BAC00F06F5D /* Build configuration list for PBXNativeTarget "SlotGame" */ = {
			isa = XCConfigurationList;
			buildConfigurations = (
				F6B24B522A838BAC00F06F5D /* Debug */,
				F6B24B532A838BAC00F06F5D /* Release */,
			);
			defaultConfigurationIsVisible = 0;
			defaultConfigurationName = Release;
		};
/* End XCConfigurationList section */
	};
	rootObject = F6B24B3B2A838BAC00F06F5D /* Project object */;
}
